
Microsoft Visual Studio Solution File, Format Version 12.00
# Visual Studio 15
VisualStudioVersion = 15.0.28010.2016
MinimumVisualStudioVersion = 10.0.40219.1
Project("{9A19103F-16F7-4668-BE54-9A1E7A4F7556}") = "Emceelee.Import.DST", "Emceelee.Import.DST\Emceelee.Import.DST.csproj", "{3E04D8C6-93B6-4EAA-8F89-2E5328704267}"
EndProject
Project("{9A19103F-16F7-4668-BE54-9A1E7A4F7556}") = "Emceelee.Import.DST.Test", "Emceelee.Import.DST.Test\Emceelee.Import.DST.Test.csproj", "{B9A03330-C904-48CD-B760-7A4ECAF2B606}"
EndProject
Global
	GlobalSection(SolutionConfigurationPlatforms) = preSolution
		Debug|Any CPU = Debug|Any CPU
		Release|Any CPU = Release|Any CPU
	EndGlobalSection
	GlobalSection(ProjectConfigurationPlatforms) = postSolution
		{3E04D8C6-93B6-4EAA-8F89-2E5328704267}.Debug|Any CPU.ActiveCfg = Debug|Any CPU
		{3E04D8C6-93B6-4EAA-8F89-2E5328704267}.Debug|Any CPU.Build.0 = Debug|Any CPU
		{3E04D8C6-93B6-4EAA-8F89-2E5328704267}.Release|Any CPU.ActiveCfg = Release|Any CPU
		{3E04D8C6-93B6-4EAA-8F89-2E5328704267}.Release|Any CPU.Build.0 = Release|Any CPU
		{B9A03330-C904-48CD-B760-7A4ECAF2B606}.Debug|Any CPU.ActiveCfg = Debug|Any CPU
		{B9A03330-C904-48CD-B760-7A4ECAF2B606}.Debug|Any CPU.Build.0 = Debug|Any CPU
		{B9A03330-C904-48CD-B760-7A4ECAF2B606}.Release|Any CPU.ActiveCfg = Release|Any CPU
		{B9A03330-C904-48CD-B760-7A4ECAF2B606}.Release|Any CPU.Build.0 = Release|Any CPU
	EndGlobalSection
	GlobalSection(SolutionProperties) = preSolution
		HideSolutionNode = FALSE
	EndGlobalSection
	GlobalSection(ExtensibilityGlobals) = postSolution
		SolutionGuid = {CF2102AC-F4D0-40BB-9481-338B9205E480}
	EndGlobalSection
EndGlobal
